
Microsoft Visual Studio Solution File, Format Version 12.00
# Visual Studio Version 17
VisualStudioVersion = 17.3.32922.545
MinimumVisualStudioVersion = 10.0.40219.1
Project("{FAE04EC0-301F-11D3-BF4B-00C04F79EFBC}") = "WpfApp1", "WpfApp1\WpfApp1.csproj", "{1ED2D059-6A6A-4629-AEDA-D4649E741A7C}"
EndProject
Global
	GlobalSection(SolutionConfigurationPlatforms) = preSolution
		Debug|Any CPU = Debug|Any CPU
		Release|Any CPU = Release|Any CPU
	EndGlobalSection
	GlobalSection(ProjectConfigurationPlatforms) = postSolution
		{1ED2D059-6A6A-4629-AEDA-D4649E741A7C}.Debug|Any CPU.ActiveCfg = Debug|Any CPU
		{1ED2D059-6A6A-4629-AEDA-D4649E741A7C}.Debug|Any CPU.Build.0 = Debug|Any CPU
		{1ED2D059-6A6A-4629-AEDA-D4649E741A7C}.Release|Any CPU.ActiveCfg = Release|Any CPU
		{1ED2D059-6A6A-4629-AEDA-D4649E741A7C}.Release|Any CPU.Build.0 = Release|Any CPU
	EndGlobalSection
	GlobalSection(SolutionProperties) = preSolution
		HideSolutionNode = FALSE
	EndGlobalSection
	GlobalSection(ExtensibilityGlobals) = postSolution
		SolutionGuid = {8D556A4D-9B2C-4EE1-9CA1-CBB576F8C8A4}
	EndGlobalSection
EndGlobal
